
Microsoft Visual Studio Solution File, Format Version 12.00
# Visual Studio Version 17
VisualStudioVersion = 17.10.35013.160
MinimumVisualStudioVersion = 10.0.40219.1
Project("{FAE04EC0-301F-11D3-BF4B-00C04F79EFBC}") = "Szuro", "Szuro.csproj", "{5C3E6868-5060-439A-A0B8-FA316989EF07}"
EndProject
Global
	GlobalSection(SolutionConfigurationPlatforms) = preSolution
		Debug|Any CPU = Debug|Any CPU
		Release|Any CPU = Release|Any CPU
	EndGlobalSection
	GlobalSection(ProjectConfigurationPlatforms) = postSolution
		{5C3E6868-5060-439A-A0B8-FA316989EF07}.Debug|Any CPU.ActiveCfg = Debug|Any CPU
		{5C3E6868-5060-439A-A0B8-FA316989EF07}.Debug|Any CPU.Build.0 = Debug|Any CPU
		{5C3E6868-5060-439A-A0B8-FA316989EF07}.Release|Any CPU.ActiveCfg = Release|Any CPU
		{5C3E6868-5060-439A-A0B8-FA316989EF07}.Release|Any CPU.Build.0 = Release|Any CPU
	EndGlobalSection
	GlobalSection(SolutionProperties) = preSolution
		HideSolutionNode = FALSE
	EndGlobalSection
	GlobalSection(ExtensibilityGlobals) = postSolution
		SolutionGuid = {8562EB82-2AC6-40B0-AAFF-F846FC2BD8A8}
	EndGlobalSection
EndGlobal
